id: parse_pipeline_geosite_rejects_empty_block
owner: mesh-bus-runtime.config
kind: data-owner
case: config.parse_err
schema_ref: schemas/test-runtime.schema.json
input:
  yaml: |
    ingresses:
      - kind: Socks5
        listen: 127.0.0.1:19201
    egresses:
      - kind: Tcp
        id: direct
        timeout_ms: 1000
    pipeline:
      rule_chain_path: /tmp/chain.yaml
      geosite: {}
expect:
  ok: false
  error_contains: "pipeline geosite.path is required"
observations: []
tags: []
